10568180871685934256
cista 706aeacef91a5509ee461c34d3c39fe2a5586940
zlib 1e1dfdedddb54a2e2cb8fec3b67f925233c495aa
boost be5235eb2258d2ec19e32546ab767a62311d9b46
doctest 70e8f76437b76dd5e9c0a2eb9b907df190ab71a0
geo 98e98acce0b4ea56260b6f458c20a0209c6ea213
googletest 34a46558609e05865c197f0260ab36daa7cbbb6e
guess 5acaeaacca154bd20987806f9626be5e3b87e1c5
libosmium 6e6d6b3081cc8bdf25dda89730e25c36eb995516
protozero 8c9f3fa97c2cfdceef86d0b61818ae98e9328f29
unordered_dense 77e91016354e6d8cba24a86c5abb807de2534c02
Catch2 47d56f28a9801911c048d011b375e5631dbb658f
fmt 34d0435ad07feb55dabd64d99482dd5d28972584
utl 3aaaacd08f5e8164aaa757d9d6d22cdb31c17dbf
